
Microsoft Visual Studio Solution File, Format Version 12.00
# Visual Studio Version 17
VisualStudioVersion = 17.11.35303.130
MinimumVisualStudioVersion = 10.0.40219.1
Project("{9A19103F-16F7-4668-BE54-9A1E7A4F7556}") = "PrestadorOnline", "PrestadorOnline.csproj", "{D970464C-BC4F-4A32-96DA-583B8AFDC8FE}"
EndProject
Global
	GlobalSection(SolutionConfigurationPlatforms) = preSolution
		Debug|Any CPU = Debug|Any CPU
		Release|Any CPU = Release|Any CPU
	EndGlobalSection
	GlobalSection(ProjectConfigurationPlatforms) = postSolution
		{D970464C-BC4F-4A32-96DA-583B8AFDC8FE}.Debug|Any CPU.ActiveCfg = Debug|Any CPU
		{D970464C-BC4F-4A32-96DA-583B8AFDC8FE}.Debug|Any CPU.Build.0 = Debug|Any CPU
		{D970464C-BC4F-4A32-96DA-583B8AFDC8FE}.Release|Any CPU.ActiveCfg = Release|Any CPU
		{D970464C-BC4F-4A32-96DA-583B8AFDC8FE}.Release|Any CPU.Build.0 = Release|Any CPU
	EndGlobalSection
	GlobalSection(SolutionProperties) = preSolution
		HideSolutionNode = FALSE
	EndGlobalSection
	GlobalSection(ExtensibilityGlobals) = postSolution
		SolutionGuid = {88D0BBEB-5BC7-49FD-9730-1A2A65050237}
	EndGlobalSection
EndGlobal
